
Microsoft Visual Studio Solution File, Format Version 12.00
# Visual Studio 15
VisualStudioVersion = 15.0.27130.2010
MinimumVisualStudioVersion = 10.0.40219.1
Project("{FAE04EC0-301F-11D3-BF4B-00C04F79EFBC}") = "LinkDev.Libraries.Common", "LinkDev.Libraries.Common\LinkDev.Libraries.Common.csproj", "{C0F9B3A7-0582-4E58-8C72-95C3D8B7C142}"
EndProject
Project("{FAE04EC0-301F-11D3-BF4B-00C04F79EFBC}") = "LinkDev.Libraries.EnhancedOrgService", "LinkDev.Libraries.EnhancedOrgService\LinkDev.Libraries.EnhancedOrgService.csproj", "{9A22C040-7EA8-4F23-94B5-6B222E6EE05B}"
EndProject
Project("{FAE04EC0-301F-11D3-BF4B-00C04F79EFBC}") = "LinkDev.Tests.EnhancedOrgService", "LinkDev.Tests.EnhancedOrgService\LinkDev.Tests.EnhancedOrgService.csproj", "{A2F4AAE9-533C-4E2E-809F-921B392B47B0}"
EndProject
Project("{2150E333-8FDC-42A3-9474-1A3956D46DE8}") = "lib", "lib", "{FE06650F-F420-4BF9-B5D0-C48FC643CBBA}"
	ProjectSection(SolutionItems) = preProject
		lib\nuget.exe = lib\nuget.exe
	EndProjectSection
EndProject
Project("{FAE04EC0-301F-11D3-BF4B-00C04F79EFBC}") = "LinkDev.Libraries.DynamicsCrmRules", "LinkDev.Libraries.DynamicsCrmRules\LinkDev.Libraries.DynamicsCrmRules.csproj", "{0E2D0109-918C-41D2-8784-8037B1EE92C0}"
EndProject
Project("{2150E333-8FDC-42A3-9474-1A3956D46DE8}") = "licence", "licence", "{939EABE6-718E-41B1-9675-17160E5B6A0D}"
	ProjectSection(SolutionItems) = preProject
		LICENSE = LICENSE
	EndProjectSection
EndProject
Global
	GlobalSection(SolutionConfigurationPlatforms) = preSolution
		Debug|Any CPU = Debug|Any CPU
		Release|Any CPU = Release|Any CPU
	EndGlobalSection
	GlobalSection(ProjectConfigurationPlatforms) = postSolution
		{C0F9B3A7-0582-4E58-8C72-95C3D8B7C142}.Debug|Any CPU.ActiveCfg = Debug|Any CPU
		{C0F9B3A7-0582-4E58-8C72-95C3D8B7C142}.Debug|Any CPU.Build.0 = Debug|Any CPU
		{C0F9B3A7-0582-4E58-8C72-95C3D8B7C142}.Release|Any CPU.ActiveCfg = Release|Any CPU
		{C0F9B3A7-0582-4E58-8C72-95C3D8B7C142}.Release|Any CPU.Build.0 = Release|Any CPU
		{9A22C040-7EA8-4F23-94B5-6B222E6EE05B}.Debug|Any CPU.ActiveCfg = Debug|Any CPU
		{9A22C040-7EA8-4F23-94B5-6B222E6EE05B}.Debug|Any CPU.Build.0 = Debug|Any CPU
		{9A22C040-7EA8-4F23-94B5-6B222E6EE05B}.Release|Any CPU.ActiveCfg = Release|Any CPU
		{9A22C040-7EA8-4F23-94B5-6B222E6EE05B}.Release|Any CPU.Build.0 = Release|Any CPU
		{A2F4AAE9-533C-4E2E-809F-921B392B47B0}.Debug|Any CPU.ActiveCfg = Debug|Any CPU
		{A2F4AAE9-533C-4E2E-809F-921B392B47B0}.Debug|Any CPU.Build.0 = Debug|Any CPU
		{A2F4AAE9-533C-4E2E-809F-921B392B47B0}.Release|Any CPU.ActiveCfg = Release|Any CPU
		{A2F4AAE9-533C-4E2E-809F-921B392B47B0}.Release|Any CPU.Build.0 = Release|Any CPU
		{0E2D0109-918C-41D2-8784-8037B1EE92C0}.Debug|Any CPU.ActiveCfg = Debug|Any CPU
		{0E2D0109-918C-41D2-8784-8037B1EE92C0}.Debug|Any CPU.Build.0 = Debug|Any CPU
		{0E2D0109-918C-41D2-8784-8037B1EE92C0}.Release|Any CPU.ActiveCfg = Release|Any CPU
		{0E2D0109-918C-41D2-8784-8037B1EE92C0}.Release|Any CPU.Build.0 = Release|Any CPU
	EndGlobalSection
	GlobalSection(SolutionProperties) = preSolution
		HideSolutionNode = FALSE
	EndGlobalSection
	GlobalSection(ExtensibilityGlobals) = postSolution
		SolutionGuid = {46A80163-E8F5-4C2B-9A99-DB905442BB36}
	EndGlobalSection
EndGlobal
